
Microsoft Visual Studio Solution File, Format Version 12.00
# Visual Studio 14
VisualStudioVersion = 14.0.25420.1
MinimumVisualStudioVersion = 10.0.40219.1
Project("{FAE04EC0-301F-11D3-BF4B-00C04F79EFBC}") = "OBMWS", "OBMWS\OBMWS.csproj", "{9230825D-1AAE-4F84-B76C-4BEB7687E09A}"
EndProject
Project("{2150E333-8FDC-42A3-9474-1A3956D46DE8}") = "NET45", "NET45", "{8B8D07C4-5FCB-44EC-8B3D-89A36D9F4970}"
EndProject
Project("{2150E333-8FDC-42A3-9474-1A3956D46DE8}") = "HA", "HA", "{D004027B-8CB7-40AC-915C-06B5EADBAFEB}"
EndProject
Project("{2150E333-8FDC-42A3-9474-1A3956D46DE8}") = "OBM", "OBM", "{A3AB83D4-6B90-4D06-A3AD-2EDB5D38FFC9}"
EndProject
Project("{FAE04EC0-301F-11D3-BF4B-00C04F79EFBC}") = "Core", "NET45\HA\Core\Core.csproj", "{7EE161F8-3C11-44A1-8A55-11A863B22924}"
EndProject
Project("{FAE04EC0-301F-11D3-BF4B-00C04F79EFBC}") = "DB", "NET45\HA\DB\DB.csproj", "{A8B702FA-F02D-4C3E-91A0-2A8E04445D57}"
EndProject
Project("{FAE04EC0-301F-11D3-BF4B-00C04F79EFBC}") = "Imagegen", "NET45\OBM\Imagegen\Imagegen.csproj", "{1CA167D9-2B03-4D79-9997-98E24F871DC2}"
EndProject
Project("{FAE04EC0-301F-11D3-BF4B-00C04F79EFBC}") = "Web", "NET45\HA\Web\Web.csproj", "{7AF2B51C-FDE5-44E4-8DD0-58A0A677C491}"
EndProject
Global
	GlobalSection(SolutionConfigurationPlatforms) = preSolution
		Debug|Any CPU = Debug|Any CPU
		Release|Any CPU = Release|Any CPU
	EndGlobalSection
	GlobalSection(ProjectConfigurationPlatforms) = postSolution
		{9230825D-1AAE-4F84-B76C-4BEB7687E09A}.Debug|Any CPU.ActiveCfg = Debug|Any CPU
		{9230825D-1AAE-4F84-B76C-4BEB7687E09A}.Debug|Any CPU.Build.0 = Debug|Any CPU
		{9230825D-1AAE-4F84-B76C-4BEB7687E09A}.Release|Any CPU.ActiveCfg = Release|Any CPU
		{9230825D-1AAE-4F84-B76C-4BEB7687E09A}.Release|Any CPU.Build.0 = Release|Any CPU
		{7EE161F8-3C11-44A1-8A55-11A863B22924}.Debug|Any CPU.ActiveCfg = Debug|Any CPU
		{7EE161F8-3C11-44A1-8A55-11A863B22924}.Debug|Any CPU.Build.0 = Debug|Any CPU
		{7EE161F8-3C11-44A1-8A55-11A863B22924}.Release|Any CPU.ActiveCfg = Release|Any CPU
		{7EE161F8-3C11-44A1-8A55-11A863B22924}.Release|Any CPU.Build.0 = Release|Any CPU
		{A8B702FA-F02D-4C3E-91A0-2A8E04445D57}.Debug|Any CPU.ActiveCfg = Debug|Any CPU
		{A8B702FA-F02D-4C3E-91A0-2A8E04445D57}.Debug|Any CPU.Build.0 = Debug|Any CPU
		{A8B702FA-F02D-4C3E-91A0-2A8E04445D57}.Release|Any CPU.ActiveCfg = Release|Any CPU
		{A8B702FA-F02D-4C3E-91A0-2A8E04445D57}.Release|Any CPU.Build.0 = Release|Any CPU
		{1CA167D9-2B03-4D79-9997-98E24F871DC2}.Debug|Any CPU.ActiveCfg = Debug|Any CPU
		{1CA167D9-2B03-4D79-9997-98E24F871DC2}.Debug|Any CPU.Build.0 = Debug|Any CPU
		{1CA167D9-2B03-4D79-9997-98E24F871DC2}.Release|Any CPU.ActiveCfg = Release|Any CPU
		{1CA167D9-2B03-4D79-9997-98E24F871DC2}.Release|Any CPU.Build.0 = Release|Any CPU
		{7AF2B51C-FDE5-44E4-8DD0-58A0A677C491}.Debug|Any CPU.ActiveCfg = Debug|Any CPU
		{7AF2B51C-FDE5-44E4-8DD0-58A0A677C491}.Debug|Any CPU.Build.0 = Debug|Any CPU
		{7AF2B51C-FDE5-44E4-8DD0-58A0A677C491}.Release|Any CPU.ActiveCfg = Release|Any CPU
		{7AF2B51C-FDE5-44E4-8DD0-58A0A677C491}.Release|Any CPU.Build.0 = Release|Any CPU
	EndGlobalSection
	GlobalSection(SolutionProperties) = preSolution
		HideSolutionNode = FALSE
	EndGlobalSection
	GlobalSection(NestedProjects) = preSolution
		{D004027B-8CB7-40AC-915C-06B5EADBAFEB} = {8B8D07C4-5FCB-44EC-8B3D-89A36D9F4970}
		{A3AB83D4-6B90-4D06-A3AD-2EDB5D38FFC9} = {8B8D07C4-5FCB-44EC-8B3D-89A36D9F4970}
		{7EE161F8-3C11-44A1-8A55-11A863B22924} = {D004027B-8CB7-40AC-915C-06B5EADBAFEB}
		{A8B702FA-F02D-4C3E-91A0-2A8E04445D57} = {D004027B-8CB7-40AC-915C-06B5EADBAFEB}
		{1CA167D9-2B03-4D79-9997-98E24F871DC2} = {A3AB83D4-6B90-4D06-A3AD-2EDB5D38FFC9}
		{7AF2B51C-FDE5-44E4-8DD0-58A0A677C491} = {D004027B-8CB7-40AC-915C-06B5EADBAFEB}
	EndGlobalSection
EndGlobal
